// !$*UTF8*$!
{
	archiveVersion = 1;
	classes = {
	};
	objectVersion = 56;
	objects = {

/* Begin PBXBuildFile section */
		8D00E0C329629C0B00295F55 /* GoogleMobileAds in Frameworks */ = {isa = PBXBuildFile; productRef = 8D00E0C229629C0B00295F55 /* GoogleMobileAds */; };
		8D0B8E10294C1EC100BD039C /* Timer.swift in Sources */ = {isa = PBXBuildFile; fileRef = 8D0B8E0F294C1EC100BD039C /* Timer.swift */; };
		8D0B8E12294C47F100BD039C /* Int+Extensions.swift in Sources */ = {isa = PBXBuildFile; fileRef = 8D0B8E11294C47F000BD039C /* Int+Extensions.swift */; };
		8D2E593B2962ADB9001A8F21 /* AdView.swift in Sources */ = {isa = PBXBuildFile; fileRef = 8D2E593A2962ADB9001A8F21 /* AdView.swift */; };
		8D2EEB812962A6FA003ECA66 /* Consts.swift in Sources */ = {isa = PBXBuildFile; fileRef = 8D2EEB802962A6FA003ECA66 /* Consts.swift */; };
		8D4E95572954294D0066AD66 /* OnYourMarkView.swift in Sources */ = {isa = PBXBuildFile; fileRef = 8D4E95562954294D0066AD66 /* OnYourMarkView.swift */; };
		8D5150222966BAFF00823687 /* GoogleAd.swift in Sources */ = {isa = PBXBuildFile; fileRef = 8D5150212966BAFF00823687 /* GoogleAd.swift */; };
		8D5150242966BC1500823687 /* Userdefault+Extensions.swift in Sources */ = {isa = PBXBuildFile; fileRef = 8D5150232966BC1500823687 /* Userdefault+Extensions.swift */; };
		8D5150262966BF2800823687 /* BannerAdView.swift in Sources */ = {isa = PBXBuildFile; fileRef = 8D5150252966BF2800823687 /* BannerAdView.swift */; };
		8D6AC70C2949A812003AABDA /* OptionView.swift in Sources */ = {isa = PBXBuildFile; fileRef = 8D6AC70B2949A811003AABDA /* OptionView.swift */; };
		8D6AC70E2949B9F7003AABDA /* SFSymbolDetailView.swift in Sources */ = {isa = PBXBuildFile; fileRef = 8D6AC70D2949B9F7003AABDA /* SFSymbolDetailView.swift */; };
		8D6AC710294AA42A003AABDA /* GridItem+Extensions.swift in Sources */ = {isa = PBXBuildFile; fileRef = 8D6AC70F294AA42A003AABDA /* GridItem+Extensions.swift */; };
		8D6AC713294AB257003AABDA /* View+Extensions.swift in Sources */ = {isa = PBXBuildFile; fileRef = 8D6AC712294AB257003AABDA /* View+Extensions.swift */; };
		8D6AC715294AD8F3003AABDA /* UIApplication+Extensions.swift in Sources */ = {isa = PBXBuildFile; fileRef = 8D6AC714294AD8F3003AABDA /* UIApplication+Extensions.swift */; };
		8D6AC717294ADCAB003AABDA /* Toast.swift in Sources */ = {isa = PBXBuildFile; fileRef = 8D6AC716294ADCAB003AABDA /* Toast.swift */; };
		8D6AC719294ADDA7003AABDA /* Notification.Name+Extensions.swift in Sources */ = {isa = PBXBuildFile; fileRef = 8D6AC718294ADDA7003AABDA /* Notification.Name+Extensions.swift */; };
		8D6AC71C294AEC73003AABDA /* Localizable.strings in Resources */ = {isa = PBXBuildFile; fileRef = 8D6AC71E294AEC73003AABDA /* Localizable.strings */; };
		8D6AC723294B0A1A003AABDA /* resorces in Resources */ = {isa = PBXBuildFile; fileRef = 8D6AC722294B0A19003AABDA /* resorces */; };
		8D6AC728294C000C003AABDA /* GameModel.swift in Sources */ = {isa = PBXBuildFile; fileRef = 8D6AC727294C000B003AABDA /* GameModel.swift */; };
		8D6AC72A294C017B003AABDA /* GameView.swift in Sources */ = {isa = PBXBuildFile; fileRef = 8D6AC729294C017B003AABDA /* GameView.swift */; };
		8D6AC72C294C0307003AABDA /* GameManager.swift in Sources */ = {isa = PBXBuildFile; fileRef = 8D6AC72B294C0307003AABDA /* GameManager.swift */; };
		8D70FD942963BB9A000742A1 /* StarView.swift in Sources */ = {isa = PBXBuildFile; fileRef = 8D70FD932963BB9A000742A1 /* StarView.swift */; };
		8D70FD962963DBE9000742A1 /* RandomSFImageView.swift in Sources */ = {isa = PBXBuildFile; fileRef = 8D70FD952963DBE8000742A1 /* RandomSFImageView.swift */; };
		8D96829929471E49006384E5 /* SFSymbolTestApp.swift in Sources */ = {isa = PBXBuildFile; fileRef = 8D96829829471E49006384E5 /* SFSymbolTestApp.swift */; };
		8D96829B29471E49006384E5 /* ContentView.swift in Sources */ = {isa = PBXBuildFile; fileRef = 8D96829A29471E49006384E5 /* ContentView.swift */; };
		8D96829D29471E4E006384E5 /* Assets.xcassets in Resources */ = {isa = PBXBuildFile; fileRef = 8D96829C29471E4E006384E5 /* Assets.xcassets */; };
		8D9682A029471E4E006384E5 /* Preview Assets.xcassets in Resources */ = {isa = PBXBuildFile; fileRef = 8D96829F29471E4E006384E5 /* Preview Assets.xcassets */; };
		8D9682A729471E71006384E5 /* SymbolNames.swift in Sources */ = {isa = PBXBuildFile; fileRef = 8D9682A629471E71006384E5 /* SymbolNames.swift */; };
		8D9F8588294837D700E35016 /* SymbolListView.swift in Sources */ = {isa = PBXBuildFile; fileRef = 8D9F8587294837D700E35016 /* SymbolListView.swift */; };
		8DECC6A8294FF26D00063BC4 /* RoundedButtonView.swift in Sources */ = {isa = PBXBuildFile; fileRef = 8DECC6A7294FF26D00063BC4 /* RoundedButtonView.swift */; };
/* End PBXBuildFile section */

/* Begin PBXFileReference section */
		8D0B8E0F294C1EC100BD039C /* Timer.swift */ = {isa = PBXFileReference; lastKnownFileType = sourcecode.swift; path = Timer.swift; sourceTree = "<group>"; };
		8D0B8E11294C47F000BD039C /* Int+Extensions.swift */ = {isa = PBXFileReference; lastKnownFileType = sourcecode.swift; path = "Int+Extensions.swift"; sourceTree = "<group>"; };
		8D2E593A2962ADB9001A8F21 /* AdView.swift */ = {isa = PBXFileReference; lastKnownFileType = sourcecode.swift; path = AdView.swift; sourceTree = "<group>"; };
		8D2EEB802962A6FA003ECA66 /* Consts.swift */ = {isa = PBXFileReference; lastKnownFileType = sourcecode.swift; path = Consts.swift; sourceTree = "<group>"; };
		8D4E95562954294D0066AD66 /* OnYourMarkView.swift */ = {isa = PBXFileReference; lastKnownFileType = sourcecode.swift; path = OnYourMarkView.swift; sourceTree = "<group>"; };
		8D5150212966BAFF00823687 /* GoogleAd.swift */ = {isa = PBXFileReference; fileEncoding = 4; lastKnownFileType = sourcecode.swift; path = GoogleAd.swift; sourceTree = "<group>"; };
		8D5150232966BC1500823687 /* Userdefault+Extensions.swift */ = {isa = PBXFileReference; fileEncoding = 4; lastKnownFileType = sourcecode.swift; path = "Userdefault+Extensions.swift"; sourceTree = "<group>"; };
		8D5150252966BF2800823687 /* BannerAdView.swift */ = {isa = PBXFileReference; fileEncoding = 4; lastKnownFileType = sourcecode.swift; path = BannerAdView.swift; sourceTree = "<group>"; };
		8D6AC70B2949A811003AABDA /* OptionView.swift */ = {isa = PBXFileReference; lastKnownFileType = sourcecode.swift; path = OptionView.swift; sourceTree = "<group>"; };
		8D6AC70D2949B9F7003AABDA /* SFSymbolDetailView.swift */ = {isa = PBXFileReference; lastKnownFileType = sourcecode.swift; path = SFSymbolDetailView.swift; sourceTree = "<group>"; };
		8D6AC70F294AA42A003AABDA /* GridItem+Extensions.swift */ = {isa = PBXFileReference; lastKnownFileType = sourcecode.swift; path = "GridItem+Extensions.swift"; sourceTree = "<group>"; };
		8D6AC712294AB257003AABDA /* View+Extensions.swift */ = {isa = PBXFileReference; lastKnownFileType = sourcecode.swift; path = "View+Extensions.swift"; sourceTree = "<group>"; };
		8D6AC714294AD8F3003AABDA /* UIApplication+Extensions.swift */ = {isa = PBXFileReference; lastKnownFileType = sourcecode.swift; path = "UIApplication+Extensions.swift"; sourceTree = "<group>"; };
		8D6AC716294ADCAB003AABDA /* Toast.swift */ = {isa = PBXFileReference; fileEncoding = 4; lastKnownFileType = sourcecode.swift; path = Toast.swift; sourceTree = "<group>"; };
		8D6AC718294ADDA7003AABDA /* Notification.Name+Extensions.swift */ = {isa = PBXFileReference; lastKnownFileType = sourcecode.swift; path = "Notification.Name+Extensions.swift"; sourceTree = "<group>"; };
		8D6AC71D294AEC73003AABDA /* en */ = {isa = PBXFileReference; lastKnownFileType = text.plist.strings; name = en; path = en.lproj/Localizable.strings; sourceTree = "<group>"; };
		8D6AC71F294AEC9A003AABDA /* ko */ = {isa = PBXFileReference; lastKnownFileType = text.plist.strings; name = ko; path = ko.lproj/Localizable.strings; sourceTree = "<group>"; };
		8D6AC722294B0A19003AABDA /* resorces */ = {isa = PBXFileReference; lastKnownFileType = folder; path = resorces; sourceTree = "<group>"; };
		8D6AC727294C000B003AABDA /* GameModel.swift */ = {isa = PBXFileReference; lastKnownFileType = sourcecode.swift; path = GameModel.swift; sourceTree = "<group>"; };
		8D6AC729294C017B003AABDA /* GameView.swift */ = {isa = PBXFileReference; lastKnownFileType = sourcecode.swift; path = GameView.swift; sourceTree = "<group>"; };
		8D6AC72B294C0307003AABDA /* GameManager.swift */ = {isa = PBXFileReference; lastKnownFileType = sourcecode.swift; path = GameManager.swift; sourceTree = "<group>"; };
		8D70FD932963BB9A000742A1 /* StarView.swift */ = {isa = PBXFileReference; lastKnownFileType = sourcecode.swift; path = StarView.swift; sourceTree = "<group>"; };
		8D70FD952963DBE8000742A1 /* RandomSFImageView.swift */ = {isa = PBXFileReference; lastKnownFileType = sourcecode.swift; path = RandomSFImageView.swift; sourceTree = "<group>"; };
		8D96829529471E49006384E5 /* SFSymbolTest.app */ = {isa = PBXFileReference; explicitFileType = wrapper.application; includeInIndex = 0; path = SFSymbolTest.app; sourceTree = BUILT_PRODUCTS_DIR; };
		8D96829829471E49006384E5 /* SFSymbolTestApp.swift */ = {isa = PBXFileReference; lastKnownFileType = sourcecode.swift; path = SFSymbolTestApp.swift; sourceTree = "<group>"; };
		8D96829A29471E49006384E5 /* ContentView.swift */ = {isa = PBXFileReference; lastKnownFileType = sourcecode.swift; path = ContentView.swift; sourceTree = "<group>"; };
		8D96829C29471E4E006384E5 /* Assets.xcassets */ = {isa = PBXFileReference; lastKnownFileType = folder.assetcatalog; path = Assets.xcassets; sourceTree = "<group>"; };
		8D96829F29471E4E006384E5 /* Preview Assets.xcassets */ = {isa = PBXFileReference; lastKnownFileType = folder.assetcatalog; path = "Preview Assets.xcassets"; sourceTree = "<group>"; };
		8D9682A629471E71006384E5 /* SymbolNames.swift */ = {isa = PBXFileReference; lastKnownFileType = sourcecode.swift; path = SymbolNames.swift; sourceTree = "<group>"; };
		8D9F8587294837D700E35016 /* SymbolListView.swift */ = {isa = PBXFileReference; lastKnownFileType = sourcecode.swift; path = SymbolListView.swift; sourceTree = "<group>"; };
		8DECC6A5294C5CA800063BC4 /* SFSymbolTest.entitlements */ = {isa = PBXFileReference; lastKnownFileType = text.plist.entitlements; path = SFSymbolTest.entitlements; sourceTree = "<group>"; };
		8DECC6A6294C5D3600063BC4 /* Info.plist */ = {isa = PBXFileReference; lastKnownFileType = text.plist; path = Info.plist; sourceTree = "<group>"; };
		8DECC6A7294FF26D00063BC4 /* RoundedButtonView.swift */ = {isa = PBXFileReference; lastKnownFileType = sourcecode.swift; path = RoundedButtonView.swift; sourceTree = "<group>"; };
/* End PBXFileReference section */

/* Begin PBXFrameworksBuildPhase section */
		8D96829229471E49006384E5 /* Frameworks */ = {
			isa = PBXFrameworksBuildPhase;
			buildActionMask = 2147483647;
			files = (
				8D00E0C329629C0B00295F55 /* GoogleMobileAds in Frameworks */,
			);
			runOnlyForDeploymentPostprocessing = 0;
		};
/* End PBXFrameworksBuildPhase section */

/* Begin PBXGroup section */
		8D6AC711294AB241003AABDA /* Extensions */ = {
			isa = PBXGroup;
			children = (
				8D5150232966BC1500823687 /* Userdefault+Extensions.swift */,
				8D6AC70F294AA42A003AABDA /* GridItem+Extensions.swift */,
				8D6AC712294AB257003AABDA /* View+Extensions.swift */,
				8D6AC714294AD8F3003AABDA /* UIApplication+Extensions.swift */,
				8D6AC718294ADDA7003AABDA /* Notification.Name+Extensions.swift */,
				8D0B8E11294C47F000BD039C /* Int+Extensions.swift */,
			);
			path = Extensions;
			sourceTree = "<group>";
		};
		8D6AC725294BFF81003AABDA /* View */ = {
			isa = PBXGroup;
			children = (
				8D9F8587294837D700E35016 /* SymbolListView.swift */,
				8D6AC70D2949B9F7003AABDA /* SFSymbolDetailView.swift */,
				8D96829A29471E49006384E5 /* ContentView.swift */,
				8D6AC70B2949A811003AABDA /* OptionView.swift */,
				8D6AC729294C017B003AABDA /* GameView.swift */,
				8D4E95562954294D0066AD66 /* OnYourMarkView.swift */,
				8DECC6A7294FF26D00063BC4 /* RoundedButtonView.swift */,
				8D2E593A2962ADB9001A8F21 /* AdView.swift */,
				8D70FD932963BB9A000742A1 /* StarView.swift */,
				8D70FD952963DBE8000742A1 /* RandomSFImageView.swift */,
			);
			path = View;
			sourceTree = "<group>";
		};
		8D6AC726294BFFAD003AABDA /* model */ = {
			isa = PBXGroup;
			children = (
				8D9682A629471E71006384E5 /* SymbolNames.swift */,
				8D6AC727294C000B003AABDA /* GameModel.swift */,
			);
			path = model;
			sourceTree = "<group>";
		};
		8D96828C29471E49006384E5 = {
			isa = PBXGroup;
			children = (
				8D96829729471E49006384E5 /* SFSymbolTest */,
				8D96829629471E49006384E5 /* Products */,
			);
			sourceTree = "<group>";
		};
		8D96829629471E49006384E5 /* Products */ = {
			isa = PBXGroup;
			children = (
				8D96829529471E49006384E5 /* SFSymbolTest.app */,
			);
			name = Products;
			sourceTree = "<group>";
		};
		8D96829729471E49006384E5 /* SFSymbolTest */ = {
			isa = PBXGroup;
			children = (
				8DECC6A6294C5D3600063BC4 /* Info.plist */,
				8DECC6A5294C5CA800063BC4 /* SFSymbolTest.entitlements */,
				8D6AC722294B0A19003AABDA /* resorces */,
				8D6AC71E294AEC73003AABDA /* Localizable.strings */,
				8D96829829471E49006384E5 /* SFSymbolTestApp.swift */,
				8D2EEB802962A6FA003ECA66 /* Consts.swift */,
				8D5150212966BAFF00823687 /* GoogleAd.swift */,
				8D5150252966BF2800823687 /* BannerAdView.swift */,
				8D6AC716294ADCAB003AABDA /* Toast.swift */,
				8D6AC72B294C0307003AABDA /* GameManager.swift */,
				8D0B8E0F294C1EC100BD039C /* Timer.swift */,
				8D6AC725294BFF81003AABDA /* View */,
				8D96829C29471E4E006384E5 /* Assets.xcassets */,
				8D6AC711294AB241003AABDA /* Extensions */,
				8D6AC726294BFFAD003AABDA /* model */,
				8D96829E29471E4E006384E5 /* Preview Content */,
			);
			path = SFSymbolTest;
			sourceTree = "<group>";
		};
		8D96829E29471E4E006384E5 /* Preview Content */ = {
			isa = PBXGroup;
			children = (
				8D96829F29471E4E006384E5 /* Preview Assets.xcassets */,
			);
			path = "Preview Content";
			sourceTree = "<group>";
		};
/* End PBXGroup section */

/* Begin PBXNativeTarget section */
		8D96829429471E49006384E5 /* SFSymbolTest */ = {
			isa = PBXNativeTarget;
			buildConfigurationList = 8D9682A329471E4E006384E5 /* Build configuration list for PBXNativeTarget "SFSymbolTest" */;
			buildPhases = (
				8D96829129471E49006384E5 /* Sources */,
				8D96829229471E49006384E5 /* Frameworks */,
				8D96829329471E49006384E5 /* Resources */,
			);
			buildRules = (
			);
			dependencies = (
			);
			name = SFSymbolTest;
			packageProductDependencies = (
				8D00E0C229629C0B00295F55 /* GoogleMobileAds */,
			);
			productName = SFSymbolTest;
			productReference = 8D96829529471E49006384E5 /* SFSymbolTest.app */;
			productType = "com.apple.product-type.application";
		};
/* End PBXNativeTarget section */

/* Begin PBXProject section */
		8D96828D29471E49006384E5 /* Project object */ = {
			isa = PBXProject;
			attributes = {
				BuildIndependentTargetsInParallel = 1;
				LastSwiftUpdateCheck = 1410;
				LastUpgradeCheck = 1410;
				TargetAttributes = {
					8D96829429471E49006384E5 = {
						CreatedOnToolsVersion = 14.1;
					};
				};
			};
			buildConfigurationList = 8D96829029471E49006384E5 /* Build configuration list for PBXProject "SFSymbolTest" */;
			compatibilityVersion = "Xcode 14.0";
			developmentRegion = en;
			hasScannedForEncodings = 0;
			knownRegions = (
				en,
				Base,
				ko,
			);
			mainGroup = 8D96828C29471E49006384E5;
			packageReferences = (
				8D00E0C129629C0B00295F55 /* XCRemoteSwiftPackageReference "swift-package-manager-google-mobile-ads" */,
			);
			productRefGroup = 8D96829629471E49006384E5 /* Products */;
			projectDirPath = "";
			projectRoot = "";
			targets = (
				8D96829429471E49006384E5 /* SFSymbolTest */,
			);
		};
/* End PBXProject section */

/* Begin PBXResourcesBuildPhase section */
		8D96829329471E49006384E5 /* Resources */ = {
			isa = PBXResourcesBuildPhase;
			buildActionMask = 2147483647;
			files = (
				8D9682A029471E4E006384E5 /* Preview Assets.xcassets in Resources */,
				8D6AC71C294AEC73003AABDA /* Localizable.strings in Resources */,
				8D96829D29471E4E006384E5 /* Assets.xcassets in Resources */,
				8D6AC723294B0A1A003AABDA /* resorces in Resources */,
			);
			runOnlyForDeploymentPostprocessing = 0;
		};
/* End PBXResourcesBuildPhase section */

/* Begin PBXSourcesBuildPhase section */
		8D96829129471E49006384E5 /* Sources */ = {
			isa = PBXSourcesBuildPhase;
			buildActionMask = 2147483647;
			files = (
				8D9F8588294837D700E35016 /* SymbolListView.swift in Sources */,
				8D9682A729471E71006384E5 /* SymbolNames.swift in Sources */,
				8D6AC715294AD8F3003AABDA /* UIApplication+Extensions.swift in Sources */,
				8D0B8E10294C1EC100BD039C /* Timer.swift in Sources */,
				8D6AC72C294C0307003AABDA /* GameManager.swift in Sources */,
				8DECC6A8294FF26D00063BC4 /* RoundedButtonView.swift in Sources */,
				8D5150242966BC1500823687 /* Userdefault+Extensions.swift in Sources */,
				8D0B8E12294C47F100BD039C /* Int+Extensions.swift in Sources */,
				8D4E95572954294D0066AD66 /* OnYourMarkView.swift in Sources */,
				8D70FD962963DBE9000742A1 /* RandomSFImageView.swift in Sources */,
				8D6AC710294AA42A003AABDA /* GridItem+Extensions.swift in Sources */,
				8D6AC719294ADDA7003AABDA /* Notification.Name+Extensions.swift in Sources */,
				8D6AC728294C000C003AABDA /* GameModel.swift in Sources */,
				8D5150222966BAFF00823687 /* GoogleAd.swift in Sources */,
				8D6AC70E2949B9F7003AABDA /* SFSymbolDetailView.swift in Sources */,
				8D70FD942963BB9A000742A1 /* StarView.swift in Sources */,
				8D5150262966BF2800823687 /* BannerAdView.swift in Sources */,
				8D96829B29471E49006384E5 /* ContentView.swift in Sources */,
				8D6AC70C2949A812003AABDA /* OptionView.swift in Sources */,
				8D6AC717294ADCAB003AABDA /* Toast.swift in Sources */,
				8D2E593B2962ADB9001A8F21 /* AdView.swift in Sources */,
				8D6AC713294AB257003AABDA /* View+Extensions.swift in Sources */,
				8D6AC72A294C017B003AABDA /* GameView.swift in Sources */,
				8D2EEB812962A6FA003ECA66 /* Consts.swift in Sources */,
				8D96829929471E49006384E5 /* SFSymbolTestApp.swift in Sources */,
			);
			runOnlyForDeploymentPostprocessing = 0;
		};
/* End PBXSourcesBuildPhase section */

/* Begin PBXVariantGroup section */
		8D6AC71E294AEC73003AABDA /* Localizable.strings */ = {
			isa = PBXVariantGroup;
			children = (
				8D6AC71D294AEC73003AABDA /* en */,
				8D6AC71F294AEC9A003AABDA /* ko */,
			);
			name = Localizable.strings;
			sourceTree = "<group>";
		};
/* End PBXVariantGroup section */

/* Begin XCBuildConfiguration section */
		8D9682A129471E4E006384E5 /* Debug */ = {
			isa = XCBuildConfiguration;
			buildSettings = {
				ALWAYS_SEARCH_USER_PATHS = NO;
				CLANG_ANALYZER_LOCALIZABILITY_NONLOCALIZED = YES;
				CLANG_ANALYZER_NONNULL = YES;
				CLANG_ANALYZER_NUMBER_OBJECT_CONVERSION = YES_AGGRESSIVE;
				CLANG_CXX_LANGUAGE_STANDARD = "gnu++20";
				CLANG_ENABLE_MODULES = YES;
				CLANG_ENABLE_OBJC_ARC = YES;
				CLANG_ENABLE_OBJC_WEAK = YES;
				CLANG_WARN_BLOCK_CAPTURE_AUTORELEASING = YES;
				CLANG_WARN_BOOL_CONVERSION = YES;
				CLANG_WARN_COMMA = YES;
				CLANG_WARN_CONSTANT_CONVERSION = YES;
				CLANG_WARN_DEPRECATED_OBJC_IMPLEMENTATIONS = YES;
				CLANG_WARN_DIRECT_OBJC_ISA_USAGE = YES_ERROR;
				CLANG_WARN_DOCUMENTATION_COMMENTS = YES;
				CLANG_WARN_EMPTY_BODY = YES;
				CLANG_WARN_ENUM_CONVERSION = YES;
				CLANG_WARN_INFINITE_RECURSION = YES;
				CLANG_WARN_INT_CONVERSION = YES;
				CLANG_WARN_NON_LITERAL_NULL_CONVERSION = YES;
				CLANG_WARN_OBJC_IMPLICIT_RETAIN_SELF = YES;
				CLANG_WARN_OBJC_LITERAL_CONVERSION = YES;
				CLANG_WARN_OBJC_ROOT_CLASS = YES_ERROR;
				CLANG_WARN_QUOTED_INCLUDE_IN_FRAMEWORK_HEADER = YES;
				CLANG_WARN_RANGE_LOOP_ANALYSIS = YES;
				CLANG_WARN_STRICT_PROTOTYPES = YES;
				CLANG_WARN_SUSPICIOUS_MOVE = YES;
				CLANG_WARN_UNGUARDED_AVAILABILITY = YES_AGGRESSIVE;
				CLANG_WARN_UNREACHABLE_CODE = YES;
				CLANG_WARN__DUPLICATE_METHOD_MATCH = YES;
				COPY_PHASE_STRIP = NO;
				DEBUG_INFORMATION_FORMAT = dwarf;
				ENABLE_STRICT_OBJC_MSGSEND = YES;
				ENABLE_TESTABILITY = YES;
				GCC_C_LANGUAGE_STANDARD = gnu11;
				GCC_DYNAMIC_NO_PIC = NO;
				GCC_NO_COMMON_BLOCKS = YES;
				GCC_OPTIMIZATION_LEVEL = 0;
				GCC_PREPROCESSOR_DEFINITIONS = (
					"DEBUG=1",
					"$(inherited)",
				);
				GCC_WARN_64_TO_32_BIT_CONVERSION = YES;
				GCC_WARN_ABOUT_RETURN_TYPE = YES_ERROR;
				GCC_WARN_UNDECLARED_SELECTOR = YES;
				GCC_WARN_UNINITIALIZED_AUTOS = YES_AGGRESSIVE;
				GCC_WARN_UNUSED_FUNCTION = YES;
				GCC_WARN_UNUSED_VARIABLE = YES;
				IPHONEOS_DEPLOYMENT_TARGET = 16.1;
				MTL_ENABLE_DEBUG_INFO = INCLUDE_SOURCE;
				MTL_FAST_MATH = YES;
				ONLY_ACTIVE_ARCH = YES;
				SDKROOT = iphoneos;
				SWIFT_ACTIVE_COMPILATION_CONDITIONS = DEBUG;
				SWIFT_OPTIMIZATION_LEVEL = "-Onone";
			};
			name = Debug;
		};
		8D9682A229471E4E006384E5 /* Release */ = {
			isa = XCBuildConfiguration;
			buildSettings = {
				ALWAYS_SEARCH_USER_PATHS = NO;
				CLANG_ANALYZER_LOCALIZABILITY_NONLOCALIZED = YES;
				CLANG_ANALYZER_NONNULL = YES;
				CLANG_ANALYZER_NUMBER_OBJECT_CONVERSION = YES_AGGRESSIVE;
				CLANG_CXX_LANGUAGE_STANDARD = "gnu++20";
				CLANG_ENABLE_MODULES = YES;
				CLANG_ENABLE_OBJC_ARC = YES;
				CLANG_ENABLE_OBJC_WEAK = YES;
				CLANG_WARN_BLOCK_CAPTURE_AUTORELEASING = YES;
				CLANG_WARN_BOOL_CONVERSION = YES;
				CLANG_WARN_COMMA = YES;
				CLANG_WARN_CONSTANT_CONVERSION = YES;
				CLANG_WARN_DEPRECATED_OBJC_IMPLEMENTATIONS = YES;
				CLANG_WARN_DIRECT_OBJC_ISA_USAGE = YES_ERROR;
				CLANG_WARN_DOCUMENTATION_COMMENTS = YES;
				CLANG_WARN_EMPTY_BODY = YES;
				CLANG_WARN_ENUM_CONVERSION = YES;
				CLANG_WARN_INFINITE_RECURSION = YES;
				CLANG_WARN_INT_CONVERSION = YES;
				CLANG_WARN_NON_LITERAL_NULL_CONVERSION = YES;
				CLANG_WARN_OBJC_IMPLICIT_RETAIN_SELF = YES;
				CLANG_WARN_OBJC_LITERAL_CONVERSION = YES;
				CLANG_WARN_OBJC_ROOT_CLASS = YES_ERROR;
				CLANG_WARN_QUOTED_INCLUDE_IN_FRAMEWORK_HEADER = YES;
				CLANG_WARN_RANGE_LOOP_ANALYSIS = YES;
				CLANG_WARN_STRICT_PROTOTYPES = YES;
				CLANG_WARN_SUSPICIOUS_MOVE = YES;
				CLANG_WARN_UNGUARDED_AVAILABILITY = YES_AGGRESSIVE;
				CLANG_WARN_UNREACHABLE_CODE = YES;
				CLANG_WARN__DUPLICATE_METHOD_MATCH = YES;
				COPY_PHASE_STRIP = NO;
				DEBUG_INFORMATION_FORMAT = "dwarf-with-dsym";
				ENABLE_NS_ASSERTIONS = NO;
				ENABLE_STRICT_OBJC_MSGSEND = YES;
				GCC_C_LANGUAGE_STANDARD = gnu11;
				GCC_NO_COMMON_BLOCKS = YES;
				GCC_WARN_64_TO_32_BIT_CONVERSION = YES;
				GCC_WARN_ABOUT_RETURN_TYPE = YES_ERROR;
				GCC_WARN_UNDECLARED_SELECTOR = YES;
				GCC_WARN_UNINITIALIZED_AUTOS = YES_AGGRESSIVE;
				GCC_WARN_UNUSED_FUNCTION = YES;
				GCC_WARN_UNUSED_VARIABLE = YES;
				IPHONEOS_DEPLOYMENT_TARGET = 16.1;
				MTL_ENABLE_DEBUG_INFO = NO;
				MTL_FAST_MATH = YES;
				SDKROOT = iphoneos;
				SWIFT_COMPILATION_MODE = wholemodule;
				SWIFT_OPTIMIZATION_LEVEL = "-O";
				VALIDATE_PRODUCT = YES;
			};
			name = Release;
		};
		8D9682A429471E4E006384E5 /* Debug */ = {
			isa = XCBuildConfiguration;
			buildSettings = {
				ASSETCATALOG_COMPILER_APPICON_NAME = AppIcon;
				ASSETCATALOG_COMPILER_GLOBAL_ACCENT_COLOR_NAME = AccentColor;
				CODE_SIGN_ENTITLEMENTS = SFSymbolTest/SFSymbolTest.entitlements;
				CODE_SIGN_STYLE = Automatic;
				CURRENT_PROJECT_VERSION = 3;
				DEVELOPMENT_ASSET_PATHS = "\"SFSymbolTest/Preview Content\"";
				DEVELOPMENT_TEAM = QU9EPTU238;
				ENABLE_PREVIEWS = YES;
				GENERATE_INFOPLIST_FILE = YES;
				INFOPLIST_FILE = SFSymbolTest/Info.plist;
				INFOPLIST_KEY_CFBundleDisplayName = "SF Symbols";
				INFOPLIST_KEY_LSApplicationCategoryType = "public.app-category.utilities";
				INFOPLIST_KEY_UIApplicationSceneManifest_Generation = YES;
				INFOPLIST_KEY_UIApplicationSupportsIndirectInputEvents = YES;
				INFOPLIST_KEY_UILaunchScreen_Generation = YES;
				INFOPLIST_KEY_UISupportedInterfaceOrientations_iPad = "UIInterfaceOrientationPortrait UIInterfaceOrientationPortraitUpsideDown UIInterfaceOrientationLandscapeLeft UIInterfaceOrientationLandscapeRight";
				INFOPLIST_KEY_UISupportedInterfaceOrientations_iPhone = "UIInterfaceOrientationPortrait UIInterfaceOrientationLandscapeLeft UIInterfaceOrientationLandscapeRight";
				IPHONEOS_DEPLOYMENT_TARGET = 15.0;
				LD_RUNPATH_SEARCH_PATHS = (
					"$(inherited)",
					"@executable_path/Frameworks",
				);
				MARKETING_VERSION = 1.0.0;
				OTHER_LDFLAGS = "-ObjC";
				OTHER_SWIFT_FLAGS = "";
				PRODUCT_BUNDLE_IDENTIFIER = net.kongbaguni.SFSymbolBrowser;
				PRODUCT_NAME = "$(TARGET_NAME)";
				SWIFT_EMIT_LOC_STRINGS = YES;
				SWIFT_VERSION = 5.0;
				TARGETED_DEVICE_FAMILY = "1,2";
			};
			name = Debug;
		};
		8D9682A529471E4E006384E5 /* Release */ = {
			isa = XCBuildConfiguration;
			buildSettings = {
				ASSETCATALOG_COMPILER_APPICON_NAME = AppIcon;
				ASSETCATALOG_COMPILER_GLOBAL_ACCENT_COLOR_NAME = AccentColor;
				CODE_SIGN_ENTITLEMENTS = SFSymbolTest/SFSymbolTest.entitlements;
				CODE_SIGN_STYLE = Automatic;
				CURRENT_PROJECT_VERSION = 3;
				DEVELOPMENT_ASSET_PATHS = "\"SFSymbolTest/Preview Content\"";
				DEVELOPMENT_TEAM = QU9EPTU238;
				ENABLE_PREVIEWS = YES;
				GENERATE_INFOPLIST_FILE = YES;
				INFOPLIST_FILE = SFSymbolTest/Info.plist;
				INFOPLIST_KEY_CFBundleDisplayName = "SF Symbols";
				INFOPLIST_KEY_LSApplicationCategoryType = "public.app-category.utilities";
				INFOPLIST_KEY_UIApplicationSceneManifest_Generation = YES;
				INFOPLIST_KEY_UIApplicationSupportsIndirectInputEvents = YES;
				INFOPLIST_KEY_UILaunchScreen_Generation = YES;
				INFOPLIST_KEY_UISupportedInterfaceOrientations_iPad = "UIInterfaceOrientationPortrait UIInterfaceOrientationPortraitUpsideDown UIInterfaceOrientationLandscapeLeft UIInterfaceOrientationLandscapeRight";
				INFOPLIST_KEY_UISupportedInterfaceOrientations_iPhone = "UIInterfaceOrientationPortrait UIInterfaceOrientationLandscapeLeft UIInterfaceOrientationLandscapeRight";
				IPHONEOS_DEPLOYMENT_TARGET = 15.0;
				LD_RUNPATH_SEARCH_PATHS = (
					"$(inherited)",
					"@executable_path/Frameworks",
				);
				MARKETING_VERSION = 1.0.0;
				OTHER_LDFLAGS = "-ObjC";
				OTHER_SWIFT_FLAGS = "";
				PRODUCT_BUNDLE_IDENTIFIER = net.kongbaguni.SFSymbolBrowser;
				PRODUCT_NAME = "$(TARGET_NAME)";
				SWIFT_ACTIVE_COMPILATION_CONDITIONS = TEST;
				SWIFT_EMIT_LOC_STRINGS = YES;
				SWIFT_VERSION = 5.0;
				TARGETED_DEVICE_FAMILY = "1,2";
			};
			name = Release;
		};
/* End XCBuildConfiguration section */

/* Begin XCConfigurationList section */
		8D96829029471E49006384E5 /* Build configuration list for PBXProject "SFSymbolTest" */ = {
			isa = XCConfigurationList;
			buildConfigurations = (
				8D9682A129471E4E006384E5 /* Debug */,
				8D9682A229471E4E006384E5 /* Release */,
			);
			defaultConfigurationIsVisible = 0;
			defaultConfigurationName = Release;
		};
		8D9682A329471E4E006384E5 /* Build configuration list for PBXNativeTarget "SFSymbolTest" */ = {
			isa = XCConfigurationList;
			buildConfigurations = (
				8D9682A429471E4E006384E5 /* Debug */,
				8D9682A529471E4E006384E5 /* Release */,
			);
			defaultConfigurationIsVisible = 0;
			defaultConfigurationName = Release;
		};
/* End XCConfigurationList section */

/* Begin XCRemoteSwiftPackageReference section */
		8D00E0C129629C0B00295F55 /* XCRemoteSwiftPackageReference "swift-package-manager-google-mobile-ads" */ = {
			isa = XCRemoteSwiftPackageReference;
			repositoryURL = "https://github.com/googleads/swift-package-manager-google-mobile-ads.git";
			requirement = {
				kind = upToNextMajorVersion;
				minimumVersion = 9.0.0;
			};
		};
/* End XCRemoteSwiftPackageReference section */

/* Begin XCSwiftPackageProductDependency section */
		8D00E0C229629C0B00295F55 /* GoogleMobileAds */ = {
			isa = XCSwiftPackageProductDependency;
			package = 8D00E0C129629C0B00295F55 /* XCRemoteSwiftPackageReference "swift-package-manager-google-mobile-ads" */;
			productName = GoogleMobileAds;
		};
/* End XCSwiftPackageProductDependency section */
	};
	rootObject = 8D96828D29471E49006384E5 /* Project object */;
}
